
Microsoft Visual Studio Solution File, Format Version 12.00
# Visual Studio Version 17
VisualStudioVersion = 17.8.34408.163
MinimumVisualStudioVersion = 10.0.40219.1
Project("{FAE04EC0-301F-11D3-BF4B-00C04F79EFBC}") = "Yandex.Cargo", "Yandex.Cargo.csproj", "{464726FA-5060-452F-8F15-26A1C869630F}"
EndProject
Global
	GlobalSection(SolutionConfigurationPlatforms) = preSolution
		Debug|Any CPU = Debug|Any CPU
		Release|Any CPU = Release|Any CPU
	EndGlobalSection
	GlobalSection(ProjectConfigurationPlatforms) = postSolution
		{464726FA-5060-452F-8F15-26A1C869630F}.Debug|Any CPU.ActiveCfg = Debug|Any CPU
		{464726FA-5060-452F-8F15-26A1C869630F}.Debug|Any CPU.Build.0 = Debug|Any CPU
		{464726FA-5060-452F-8F15-26A1C869630F}.Release|Any CPU.ActiveCfg = Release|Any CPU
		{464726FA-5060-452F-8F15-26A1C869630F}.Release|Any CPU.Build.0 = Release|Any CPU
	EndGlobalSection
	GlobalSection(SolutionProperties) = preSolution
		HideSolutionNode = FALSE
	EndGlobalSection
	GlobalSection(ExtensibilityGlobals) = postSolution
		SolutionGuid = {020CBF64-67F3-4F1D-A6B8-458889473D6E}
	EndGlobalSection
EndGlobal
